<Solution>
  <Folder Name="/src/">
    <Project Path="src/RunnerRunner.AppHost/RunnerRunner.AppHost.csproj" />
    <Project Path="src/RunnerRunner.Core/RunnerRunner.Core.csproj" />
    <Project Path="src/RunnerRunner.HostWorker/RunnerRunner.HostWorker.csproj" />
    <Project Path="src/RunnerRunner.Server/RunnerRunner.Server.csproj" />
    <Project Path="src/RunnerRunner.ServiceDefaults/RunnerRunner.ServiceDefaults.csproj" />
  </Folder>
  <Folder Name="/tests/">
    <Project Path="tests/RunnerRunner.Core.Tests/RunnerRunner.Core.Tests.csproj" />
    <Project Path="tests/RunnerRunner.HostWorker.Tests/RunnerRunner.HostWorker.Tests.csproj" />
    <Project Path="tests/RunnerRunner.Server.Tests/RunnerRunner.Server.Tests.csproj" />
  </Folder>
</Solution>
